
Microsoft Visual Studio Solution File, Format Version 12.00
# Visual Studio 15
VisualStudioVersion = 15.0.28307.1062
MinimumVisualStudioVersion = 10.0.40219.1
Project("{9A19103F-16F7-4668-BE54-9A1E7A4F7556}") = "DeepMineMod", "DeepMineMod\DeepMineMod.csproj", "{206F0A6F-5554-4CD2-825A-5873B673B468}"
EndProject
Global
	GlobalSection(SolutionConfigurationPlatforms) = preSolution
		Debug|Any CPU = Debug|Any CPU
		Debug-Deploy|Any CPU = Debug-Deploy|Any CPU
		Release|Any CPU = Release|Any CPU
	EndGlobalSection
	GlobalSection(ProjectConfigurationPlatforms) = postSolution
		{206F0A6F-5554-4CD2-825A-5873B673B468}.Debug|Any CPU.ActiveCfg = Debug|Any CPU
		{206F0A6F-5554-4CD2-825A-5873B673B468}.Debug|Any CPU.Build.0 = Debug|Any CPU
		{206F0A6F-5554-4CD2-825A-5873B673B468}.Debug-Deploy|Any CPU.ActiveCfg = Debug-Deploy|Any CPU
		{206F0A6F-5554-4CD2-825A-5873B673B468}.Debug-Deploy|Any CPU.Build.0 = Debug-Deploy|Any CPU
		{206F0A6F-5554-4CD2-825A-5873B673B468}.Release|Any CPU.ActiveCfg = Release|Any CPU
		{206F0A6F-5554-4CD2-825A-5873B673B468}.Release|Any CPU.Build.0 = Release|Any CPU
	EndGlobalSection
	GlobalSection(SolutionProperties) = preSolution
		HideSolutionNode = FALSE
	EndGlobalSection
	GlobalSection(ExtensibilityGlobals) = postSolution
		SolutionGuid = {0B43C750-3989-4CF9-8C44-816111BA0420}
	EndGlobalSection
EndGlobal
